
Microsoft Visual Studio Solution File, Format Version 12.00
# Visual Studio Version 16
VisualStudioVersion = 16.0.29215.179
MinimumVisualStudioVersion = 10.0.40219.1
Project("{FAE04EC0-301F-11D3-BF4B-00C04F79EFBC}") = "BuildApp", "BuildApp\BuildApp.csproj", "{7F0E5995-9BFB-4682-90B8-F0D07BA92DB3}"
EndProject
Global
	GlobalSection(SolutionConfigurationPlatforms) = preSolution
		Debug|Any CPU = Debug|Any CPU
		Release|Any CPU = Release|Any CPU
	EndGlobalSection
	GlobalSection(ProjectConfigurationPlatforms) = postSolution
		{7F0E5995-9BFB-4682-90B8-F0D07BA92DB3}.Debug|Any CPU.ActiveCfg = Debug|Any CPU
		{7F0E5995-9BFB-4682-90B8-F0D07BA92DB3}.Debug|Any CPU.Build.0 = Debug|Any CPU
		{7F0E5995-9BFB-4682-90B8-F0D07BA92DB3}.Release|Any CPU.ActiveCfg = Release|Any CPU
		{7F0E5995-9BFB-4682-90B8-F0D07BA92DB3}.Release|Any CPU.Build.0 = Release|Any CPU
	EndGlobalSection
	GlobalSection(SolutionProperties) = preSolution
		HideSolutionNode = FALSE
	EndGlobalSection
	GlobalSection(ExtensibilityGlobals) = postSolution
		SolutionGuid = {9FA73CD3-9AC1-437E-987F-AC90D281A670}
	EndGlobalSection
EndGlobal
