
Microsoft Visual Studio Solution File, Format Version 12.00
# Visual Studio 15
Project("{FAE04EC0-301F-11D3-BF4B-00C04F79EFBC}") = "heloWorld", "heloWorld\heloWorld.csproj", "{ED099142-4BEF-4C76-A67F-F4B40F71E9A6}"
EndProject
Global
	GlobalSection(SolutionConfigurationPlatforms) = preSolution
		Debug|Any CPU = Debug|Any CPU
		Release|Any CPU = Release|Any CPU
	EndGlobalSection
	GlobalSection(ProjectConfigurationPlatforms) = postSolution
		{ED099142-4BEF-4C76-A67F-F4B40F71E9A6}.Debug|Any CPU.ActiveCfg = Debug|Any CPU
		{ED099142-4BEF-4C76-A67F-F4B40F71E9A6}.Debug|Any CPU.Build.0 = Debug|Any CPU
		{ED099142-4BEF-4C76-A67F-F4B40F71E9A6}.Release|Any CPU.ActiveCfg = Release|Any CPU
		{ED099142-4BEF-4C76-A67F-F4B40F71E9A6}.Release|Any CPU.Build.0 = Release|Any CPU
	EndGlobalSection
EndGlobal
